// !$*UTF8*$!
{
	archiveVersion = 1;
	classes = {
	};
	objectVersion = 46;
	objects = {

/* Begin PBXBuildFile section */
		91B53D9B1D229AE800C91E90 /* main.m in Sources */ = {isa = PBXBuildFile; fileRef = 91B53D9A1D229AE800C91E90 /* main.m */; };
		91B53D9E1D229AE800C91E90 /* AppDelegate.m in Sources */ = {isa = PBXBuildFile; fileRef = 91B53D9D1D229AE800C91E90 /* AppDelegate.m */; };
		91B53DA11D229AE800C91E90 /* ViewController.m in Sources */ = {isa = PBXBuildFile; fileRef = 91B53DA01D229AE800C91E90 /* ViewController.m */; };
		91B53DA41D229AE800C91E90 /* Main.storyboard in Resources */ = {isa = PBXBuildFile; fileRef = 91B53DA21D229AE800C91E90 /* Main.storyboard */; };
		91B53DA61D229AE800C91E90 /* Assets.xcassets in Resources */ = {isa = PBXBuildFile; fileRef = 91B53DA51D229AE800C91E90 /* Assets.xcassets */; };
		91B53DA91D229AE800C91E90 /* LaunchScreen.storyboard in Resources */ = {isa = PBXBuildFile; fileRef = 91B53DA71D229AE800C91E90 /* LaunchScreen.storyboard */; };
/* End PBXBuildFile section */

/* Begin PBXFileReference section */
		91B53D961D229AE800C91E90 /* ButtonControl.app */ = {isa = PBXFileReference; explicitFileType = wrapper.application; includeInIndex = 0; path = ButtonControl.app; sourceTree = BUILT_PRODUCTS_DIR; };
		91B53D9A1D229AE800C91E90 /* main.m */ = {isa = PBXFileReference; lastKnownFileType = sourcecode.c.objc; path = main.m; sourceTree = "<group>"; };
		91B53D9C1D229AE800C91E90 /* AppDelegate.h */ = {isa = PBXFileReference; lastKnownFileType = sourcecode.c.h; path = AppDelegate.h; sourceTree = "<group>"; };
		91B53D9D1D229AE800C91E90 /* AppDelegate.m */ = {isa = PBXFileReference; lastKnownFileType = sourcecode.c.objc; path = AppDelegate.m; sourceTree = "<group>"; };
		91B53D9F1D229AE800C91E90 /* ViewController.h */ = {isa = PBXFileReference; lastKnownFileType = sourcecode.c.h; path = ViewController.h; sourceTree = "<group>"; };
		91B53DA01D229AE800C91E90 /* ViewController.m */ = {isa = PBXFileReference; lastKnownFileType = sourcecode.c.objc; path = ViewController.m; sourceTree = "<group>"; };
		91B53DA31D229AE800C91E90 /* Base */ = {isa = PBXFileReference; lastKnownFileType = file.storyboard; name = Base; path = Base.lproj/Main.storyboard; sourceTree = "<group>"; };
		91B53DA51D229AE800C91E90 /* Assets.xcassets */ = {isa = PBXFileReference; lastKnownFileType = folder.assetcatalog; path = Assets.xcassets; sourceTree = "<group>"; };
		91B53DA81D229AE800C91E90 /* Base */ = {isa = PBXFileReference; lastKnownFileType = file.storyboard; name = Base; path = Base.lproj/LaunchScreen.storyboard; sourceTree = "<group>"; };
		91B53DAA1D229AE800C91E90 /* Info.plist */ = {isa = PBXFileReference; lastKnownFileType = text.plist.xml; path = Info.plist; sourceTree = "<group>"; };
/* End PBXFileReference section */

/* Begin PBXFrameworksBuildPhase section */
		91B53D931D229AE800C91E90 /* Frameworks */ = {
			isa = PBXFrameworksBuildPhase;
			buildActionMask = 2147483647;
			files = (
			);
			runOnlyForDeploymentPostprocessing = 0;
		};
/* End PBXFrameworksBuildPhase section */

/* Begin PBXGroup section */
		91B53D8D1D229AE800C91E90 = {
			isa = PBXGroup;
			children = (
				91B53D981D229AE800C91E90 /* ButtonControl */,
				91B53D971D229AE800C91E90 /* Products */,
			);
			sourceTree = "<group>";
		};
		91B53D971D229AE800C91E90 /* Products */ = {
			isa = PBXGroup;
			children = (
				91B53D961D229AE800C91E90 /* ButtonControl.app */,
			);
			name = Products;
			sourceTree = "<group>";
		};
		91B53D981D229AE800C91E90 /* ButtonControl */ = {
			isa = PBXGroup;
			children = (
				91B53D9C1D229AE800C91E90 /* AppDelegate.h */,
				91B53D9D1D229AE800C91E90 /* AppDelegate.m */,
				91B53D9F1D229AE800C91E90 /* ViewController.h */,
				91B53DA01D229AE800C91E90 /* ViewController.m */,
				91B53DA21D229AE800C91E90 /* Main.storyboard */,
				91B53DA51D229AE800C91E90 /* Assets.xcassets */,
				91B53DA71D229AE800C91E90 /* LaunchScreen.storyboard */,
				91B53DAA1D229AE800C91E90 /* Info.plist */,
				91B53D991D229AE800C91E90 /* Supporting Files */,
			);
			path = ButtonControl;
			sourceTree = "<group>";
		};
		91B53D991D229AE800C91E90 /* Supporting Files */ = {
			isa = PBXGroup;
			children = (
				91B53D9A1D229AE800C91E90 /* main.m */,
			);
			name = "Supporting Files";
			sourceTree = "<group>";
		};
/* End PBXGroup section */

/* Begin PBXNativeTarget section */
		91B53D951D229AE800C91E90 /* ButtonControl */ = {
			isa = PBXNativeTarget;
			buildConfigurationList = 91B53DAD1D229AE800C91E90 /* Build configuration list for PBXNativeTarget "ButtonControl" */;
			buildPhases = (
				91B53D921D229AE800C91E90 /* Sources */,
				91B53D931D229AE800C91E90 /* Frameworks */,
				91B53D941D229AE800C91E90 /* Resources */,
			);
			buildRules = (
			);
			dependencies = (
			);
			name = ButtonControl;
			productName = ButtonControl;
			productReference = 91B53D961D229AE800C91E90 /* ButtonControl.app */;
			productType = "com.apple.product-type.application";
		};
/* End PBXNativeTarget section */

/* Begin PBXProject section */
		91B53D8E1D229AE800C91E90 /* Project object */ = {
			isa = PBXProject;
			attributes = {
				LastUpgradeCheck = 0730;
				ORGANIZATIONNAME = Apress;
				TargetAttributes = {
					91B53D951D229AE800C91E90 = {
						CreatedOnToolsVersion = 7.3.1;
					};
				};
			};
			buildConfigurationList = 91B53D911D229AE800C91E90 /* Build configuration list for PBXProject "ButtonControl" */;
			compatibilityVersion = "Xcode 3.2";
			developmentRegion = English;
			hasScannedForEncodings = 0;
			knownRegions = (
				en,
				Base,
			);
			mainGroup = 91B53D8D1D229AE800C91E90;
			productRefGroup = 91B53D971D229AE800C91E90 /* Products */;
			projectDirPath = "";
			projectRoot = "";
			targets = (
				91B53D951D229AE800C91E90 /* ButtonControl */,
			);
		};
/* End PBXProject section */

/* Begin PBXResourcesBuildPhase section */
		91B53D941D229AE800C91E90 /* Resources */ = {
			isa = PBXResourcesBuildPhase;
			buildActionMask = 2147483647;
			files = (
				91B53DA91D229AE800C91E90 /* LaunchScreen.storyboard in Resources */,
				91B53DA61D229AE800C91E90 /* Assets.xcassets in Resources */,
				91B53DA41D229AE800C91E90 /* Main.storyboard in Resources */,
			);
			runOnlyForDeploymentPostprocessing = 0;
		};
/* End PBXResourcesBuildPhase section */

/* Begin PBXSourcesBuildPhase section */
		91B53D921D229AE800C91E90 /* Sources */ = {
			isa = PBXSourcesBuildPhase;
			buildActionMask = 2147483647;
			files = (
				91B53DA11D229AE800C91E90 /* ViewController.m in Sources */,
				91B53D9E1D229AE800C91E90 /* AppDelegate.m in Sources */,
				91B53D9B1D229AE800C91E90 /* main.m in Sources */,
			);
			runOnlyForDeploymentPostprocessing = 0;
		};
/* End PBXSourcesBuildPhase section */

/* Begin PBXVariantGroup section */
		91B53DA21D229AE800C91E90 /* Main.storyboard */ = {
			isa = PBXVariantGroup;
			children = (
				91B53DA31D229AE800C91E90 /* Base */,
			);
			name = Main.storyboard;
			sourceTree = "<group>";
		};
		91B53DA71D229AE800C91E90 /* LaunchScreen.storyboard */ = {
			isa = PBXVariantGroup;
			children = (
				91B53DA81D229AE800C91E90 /* Base */,
			);
			name = LaunchScreen.storyboard;
			sourceTree = "<group>";
		};
/* End PBXVariantGroup section */

/* Begin XCBuildConfiguration section */
		91B53DAB1D229AE800C91E90 /* Debug */ = {
			isa = XCBuildConfiguration;
			buildSettings = {
				ALWAYS_SEARCH_USER_PATHS = NO;
				CLANG_ANALYZER_NONNULL = YES;
				CLANG_CXX_LANGUAGE_STANDARD = "gnu++0x";
				CLANG_CXX_LIBRARY = "libc++";
				CLANG_ENABLE_MODULES = YES;
				CLANG_ENABLE_OBJC_ARC = YES;
				CLANG_WARN_BOOL_CONVERSION = YES;
				CLANG_WARN_CONSTANT_CONVERSION = YES;
				CLANG_WARN_DIRECT_OBJC_ISA_USAGE = YES_ERROR;
				CLANG_WARN_EMPTY_BODY = YES;
				CLANG_WARN_ENUM_CONVERSION = YES;
				CLANG_WARN_INT_CONVERSION = YES;
				CLANG_WARN_OBJC_ROOT_CLASS = YES_ERROR;
				CLANG_WARN_UNREACHABLE_CODE = YES;
				CLANG_WARN__DUPLICATE_METHOD_MATCH = YES;
				"CODE_SIGN_IDENTITY[sdk=iphoneos*]" = "iPhone Developer";
				COPY_PHASE_STRIP = NO;
				DEBUG_INFORMATION_FORMAT = dwarf;
				ENABLE_STRICT_OBJC_MSGSEND = YES;
				ENABLE_TESTABILITY = YES;
				GCC_C_LANGUAGE_STANDARD = gnu99;
				GCC_DYNAMIC_NO_PIC = NO;
				GCC_NO_COMMON_BLOCKS = YES;
				GCC_OPTIMIZATION_LEVEL = 0;
				GCC_PREPROCESSOR_DEFINITIONS = (
					"DEBUG=1",
					"$(inherited)",
				);
				GCC_WARN_64_TO_32_BIT_CONVERSION = YES;
				GCC_WARN_ABOUT_RETURN_TYPE = YES_ERROR;
				GCC_WARN_UNDECLARED_SELECTOR = YES;
				GCC_WARN_UNINITIALIZED_AUTOS = YES_AGGRESSIVE;
				GCC_WARN_UNUSED_FUNCTION = YES;
				GCC_WARN_UNUSED_VARIABLE = YES;
				IPHONEOS_DEPLOYMENT_TARGET = 9.3;
				MTL_ENABLE_DEBUG_INFO = YES;
				ONLY_ACTIVE_ARCH = YES;
				SDKROOT = iphoneos;
			};
			name = Debug;
		};
		91B53DAC1D229AE800C91E90 /* Release */ = {
			isa = XCBuildConfiguration;
			buildSettings = {
				ALWAYS_SEARCH_USER_PATHS = NO;
				CLANG_ANALYZER_NONNULL = YES;
				CLANG_CXX_LANGUAGE_STANDARD = "gnu++0x";
				CLANG_CXX_LIBRARY = "libc++";
				CLANG_ENABLE_MODULES = YES;
				CLANG_ENABLE_OBJC_ARC = YES;
				CLANG_WARN_BOOL_CONVERSION = YES;
				CLANG_WARN_CONSTANT_CONVERSION = YES;
				CLANG_WARN_DIRECT_OBJC_ISA_USAGE = YES_ERROR;
				CLANG_WARN_EMPTY_BODY = YES;
				CLANG_WARN_ENUM_CONVERSION = YES;
				CLANG_WARN_INT_CONVERSION = YES;
				CLANG_WARN_OBJC_ROOT_CLASS = YES_ERROR;
				CLANG_WARN_UNREACHABLE_CODE = YES;
				CLANG_WARN__DUPLICATE_METHOD_MATCH = YES;
				"CODE_SIGN_IDENTITY[sdk=iphoneos*]" = "iPhone Developer";
				COPY_PHASE_STRIP = NO;
				DEBUG_INFORMATION_FORMAT = "dwarf-with-dsym";
				ENABLE_NS_ASSERTIONS = NO;
				ENABLE_STRICT_OBJC_MSGSEND = YES;
				GCC_C_LANGUAGE_STANDARD = gnu99;
				GCC_NO_COMMON_BLOCKS = YES;
				GCC_WARN_64_TO_32_BIT_CONVERSION = YES;
				GCC_WARN_ABOUT_RETURN_TYPE = YES_ERROR;
				GCC_WARN_UNDECLARED_SELECTOR = YES;
				GCC_WARN_UNINITIALIZED_AUTOS = YES_AGGRESSIVE;
				GCC_WARN_UNUSED_FUNCTION = YES;
				GCC_WARN_UNUSED_VARIABLE = YES;
				IPHONEOS_DEPLOYMENT_TARGET = 9.3;
				MTL_ENABLE_DEBUG_INFO = NO;
				SDKROOT = iphoneos;
				VALIDATE_PRODUCT = YES;
			};
			name = Release;
		};
		91B53DAE1D229AE800C91E90 /* Debug */ = {
			isa = XCBuildConfiguration;
			buildSettings = {
				ASSETCATALOG_COMPILER_APPICON_NAME = AppIcon;
				INFOPLIST_FILE = ButtonControl/Info.plist;
				LD_RUNPATH_SEARCH_PATHS = "$(inherited) @executable_path/Frameworks";
				PRODUCT_BUNDLE_IDENTIFIER = com.apress.ButtonControl;
				PRODUCT_NAME = "$(TARGET_NAME)";
			};
			name = Debug;
		};
		91B53DAF1D229AE800C91E90 /* Release */ = {
			isa = XCBuildConfiguration;
			buildSettings = {
				ASSETCATALOG_COMPILER_APPICON_NAME = AppIcon;
				INFOPLIST_FILE = ButtonControl/Info.plist;
				LD_RUNPATH_SEARCH_PATHS = "$(inherited) @executable_path/Frameworks";
				PRODUCT_BUNDLE_IDENTIFIER = com.apress.ButtonControl;
				PRODUCT_NAME = "$(TARGET_NAME)";
			};
			name = Release;
		};
/* End XCBuildConfiguration section */

/* Begin XCConfigurationList section */
		91B53D911D229AE800C91E90 /* Build configuration list for PBXProject "ButtonControl" */ = {
			isa = XCConfigurationList;
			buildConfigurations = (
				91B53DAB1D229AE800C91E90 /* Debug */,
				91B53DAC1D229AE800C91E90 /* Release */,
			);
			defaultConfigurationIsVisible = 0;
			defaultConfigurationName = Release;
		};
		91B53DAD1D229AE800C91E90 /* Build configuration list for PBXNativeTarget "ButtonControl" */ = {
			isa = XCConfigurationList;
			buildConfigurations = (
				91B53DAE1D229AE800C91E90 /* Debug */,
				91B53DAF1D229AE800C91E90 /* Release */,
			);
			defaultConfigurationIsVisible = 0;
		};
/* End XCConfigurationList section */
	};
	rootObject = 91B53D8E1D229AE800C91E90 /* Project object */;
}
