// !$*UTF8*$!
{
	archiveVersion = 1;
	classes = {
	};
	objectVersion = 46;
	objects = {

/* Begin PBXBuildFile section */
		912A605C1D216A8A00228ECC /* main.m in Sources */ = {isa = PBXBuildFile; fileRef = 912A605B1D216A8A00228ECC /* main.m */; };
		912A605F1D216A8A00228ECC /* AppDelegate.m in Sources */ = {isa = PBXBuildFile; fileRef = 912A605E1D216A8A00228ECC /* AppDelegate.m */; };
		912A60621D216A8A00228ECC /* ViewController.m in Sources */ = {isa = PBXBuildFile; fileRef = 912A60611D216A8A00228ECC /* ViewController.m */; };
		912A60651D216A8A00228ECC /* Main.storyboard in Resources */ = {isa = PBXBuildFile; fileRef = 912A60631D216A8A00228ECC /* Main.storyboard */; };
		912A60671D216A8A00228ECC /* Assets.xcassets in Resources */ = {isa = PBXBuildFile; fileRef = 912A60661D216A8A00228ECC /* Assets.xcassets */; };
		912A606A1D216A8A00228ECC /* LaunchScreen.storyboard in Resources */ = {isa = PBXBuildFile; fileRef = 912A60681D216A8A00228ECC /* LaunchScreen.storyboard */; };
/* End PBXBuildFile section */

/* Begin PBXFileReference section */
		912A60571D216A8A00228ECC /* ButtonAction.app */ = {isa = PBXFileReference; explicitFileType = wrapper.application; includeInIndex = 0; path = ButtonAction.app; sourceTree = BUILT_PRODUCTS_DIR; };
		912A605B1D216A8A00228ECC /* main.m */ = {isa = PBXFileReference; lastKnownFileType = sourcecode.c.objc; path = main.m; sourceTree = "<group>"; };
		912A605D1D216A8A00228ECC /* AppDelegate.h */ = {isa = PBXFileReference; lastKnownFileType = sourcecode.c.h; path = AppDelegate.h; sourceTree = "<group>"; };
		912A605E1D216A8A00228ECC /* AppDelegate.m */ = {isa = PBXFileReference; lastKnownFileType = sourcecode.c.objc; path = AppDelegate.m; sourceTree = "<group>"; };
		912A60601D216A8A00228ECC /* ViewController.h */ = {isa = PBXFileReference; lastKnownFileType = sourcecode.c.h; path = ViewController.h; sourceTree = "<group>"; };
		912A60611D216A8A00228ECC /* ViewController.m */ = {isa = PBXFileReference; lastKnownFileType = sourcecode.c.objc; path = ViewController.m; sourceTree = "<group>"; };
		912A60641D216A8A00228ECC /* Base */ = {isa = PBXFileReference; lastKnownFileType = file.storyboard; name = Base; path = Base.lproj/Main.storyboard; sourceTree = "<group>"; };
		912A60661D216A8A00228ECC /* Assets.xcassets */ = {isa = PBXFileReference; lastKnownFileType = folder.assetcatalog; path = Assets.xcassets; sourceTree = "<group>"; };
		912A60691D216A8A00228ECC /* Base */ = {isa = PBXFileReference; lastKnownFileType = file.storyboard; name = Base; path = Base.lproj/LaunchScreen.storyboard; sourceTree = "<group>"; };
		912A606B1D216A8A00228ECC /* Info.plist */ = {isa = PBXFileReference; lastKnownFileType = text.plist.xml; path = Info.plist; sourceTree = "<group>"; };
/* End PBXFileReference section */

/* Begin PBXFrameworksBuildPhase section */
		912A60541D216A8A00228ECC /* Frameworks */ = {
			isa = PBXFrameworksBuildPhase;
			buildActionMask = 2147483647;
			files = (
			);
			runOnlyForDeploymentPostprocessing = 0;
		};
/* End PBXFrameworksBuildPhase section */

/* Begin PBXGroup section */
		912A604E1D216A8A00228ECC = {
			isa = PBXGroup;
			children = (
				912A60591D216A8A00228ECC /* ButtonAction */,
				912A60581D216A8A00228ECC /* Products */,
			);
			sourceTree = "<group>";
		};
		912A60581D216A8A00228ECC /* Products */ = {
			isa = PBXGroup;
			children = (
				912A60571D216A8A00228ECC /* ButtonAction.app */,
			);
			name = Products;
			sourceTree = "<group>";
		};
		912A60591D216A8A00228ECC /* ButtonAction */ = {
			isa = PBXGroup;
			children = (
				912A605D1D216A8A00228ECC /* AppDelegate.h */,
				912A605E1D216A8A00228ECC /* AppDelegate.m */,
				912A60601D216A8A00228ECC /* ViewController.h */,
				912A60611D216A8A00228ECC /* ViewController.m */,
				912A60631D216A8A00228ECC /* Main.storyboard */,
				912A60661D216A8A00228ECC /* Assets.xcassets */,
				912A60681D216A8A00228ECC /* LaunchScreen.storyboard */,
				912A606B1D216A8A00228ECC /* Info.plist */,
				912A605A1D216A8A00228ECC /* Supporting Files */,
			);
			path = ButtonAction;
			sourceTree = "<group>";
		};
		912A605A1D216A8A00228ECC /* Supporting Files */ = {
			isa = PBXGroup;
			children = (
				912A605B1D216A8A00228ECC /* main.m */,
			);
			name = "Supporting Files";
			sourceTree = "<group>";
		};
/* End PBXGroup section */

/* Begin PBXNativeTarget section */
		912A60561D216A8A00228ECC /* ButtonAction */ = {
			isa = PBXNativeTarget;
			buildConfigurationList = 912A606E1D216A8A00228ECC /* Build configuration list for PBXNativeTarget "ButtonAction" */;
			buildPhases = (
				912A60531D216A8A00228ECC /* Sources */,
				912A60541D216A8A00228ECC /* Frameworks */,
				912A60551D216A8A00228ECC /* Resources */,
			);
			buildRules = (
			);
			dependencies = (
			);
			name = ButtonAction;
			productName = ButtonAction;
			productReference = 912A60571D216A8A00228ECC /* ButtonAction.app */;
			productType = "com.apple.product-type.application";
		};
/* End PBXNativeTarget section */

/* Begin PBXProject section */
		912A604F1D216A8A00228ECC /* Project object */ = {
			isa = PBXProject;
			attributes = {
				LastUpgradeCheck = 0730;
				ORGANIZATIONNAME = Apress;
				TargetAttributes = {
					912A60561D216A8A00228ECC = {
						CreatedOnToolsVersion = 7.3.1;
					};
				};
			};
			buildConfigurationList = 912A60521D216A8A00228ECC /* Build configuration list for PBXProject "ButtonAction" */;
			compatibilityVersion = "Xcode 3.2";
			developmentRegion = English;
			hasScannedForEncodings = 0;
			knownRegions = (
				en,
				Base,
			);
			mainGroup = 912A604E1D216A8A00228ECC;
			productRefGroup = 912A60581D216A8A00228ECC /* Products */;
			projectDirPath = "";
			projectRoot = "";
			targets = (
				912A60561D216A8A00228ECC /* ButtonAction */,
			);
		};
/* End PBXProject section */

/* Begin PBXResourcesBuildPhase section */
		912A60551D216A8A00228ECC /* Resources */ = {
			isa = PBXResourcesBuildPhase;
			buildActionMask = 2147483647;
			files = (
				912A606A1D216A8A00228ECC /* LaunchScreen.storyboard in Resources */,
				912A60671D216A8A00228ECC /* Assets.xcassets in Resources */,
				912A60651D216A8A00228ECC /* Main.storyboard in Resources */,
			);
			runOnlyForDeploymentPostprocessing = 0;
		};
/* End PBXResourcesBuildPhase section */

/* Begin PBXSourcesBuildPhase section */
		912A60531D216A8A00228ECC /* Sources */ = {
			isa = PBXSourcesBuildPhase;
			buildActionMask = 2147483647;
			files = (
				912A60621D216A8A00228ECC /* ViewController.m in Sources */,
				912A605F1D216A8A00228ECC /* AppDelegate.m in Sources */,
				912A605C1D216A8A00228ECC /* main.m in Sources */,
			);
			runOnlyForDeploymentPostprocessing = 0;
		};
/* End PBXSourcesBuildPhase section */

/* Begin PBXVariantGroup section */
		912A60631D216A8A00228ECC /* Main.storyboard */ = {
			isa = PBXVariantGroup;
			children = (
				912A60641D216A8A00228ECC /* Base */,
			);
			name = Main.storyboard;
			sourceTree = "<group>";
		};
		912A60681D216A8A00228ECC /* LaunchScreen.storyboard */ = {
			isa = PBXVariantGroup;
			children = (
				912A60691D216A8A00228ECC /* Base */,
			);
			name = LaunchScreen.storyboard;
			sourceTree = "<group>";
		};
/* End PBXVariantGroup section */

/* Begin XCBuildConfiguration section */
		912A606C1D216A8A00228ECC /* Debug */ = {
			isa = XCBuildConfiguration;
			buildSettings = {
				ALWAYS_SEARCH_USER_PATHS = NO;
				CLANG_ANALYZER_NONNULL = YES;
				CLANG_CXX_LANGUAGE_STANDARD = "gnu++0x";
				CLANG_CXX_LIBRARY = "libc++";
				CLANG_ENABLE_MODULES = YES;
				CLANG_ENABLE_OBJC_ARC = YES;
				CLANG_WARN_BOOL_CONVERSION = YES;
				CLANG_WARN_CONSTANT_CONVERSION = YES;
				CLANG_WARN_DIRECT_OBJC_ISA_USAGE = YES_ERROR;
				CLANG_WARN_EMPTY_BODY = YES;
				CLANG_WARN_ENUM_CONVERSION = YES;
				CLANG_WARN_INT_CONVERSION = YES;
				CLANG_WARN_OBJC_ROOT_CLASS = YES_ERROR;
				CLANG_WARN_UNREACHABLE_CODE = YES;
				CLANG_WARN__DUPLICATE_METHOD_MATCH = YES;
				"CODE_SIGN_IDENTITY[sdk=iphoneos*]" = "iPhone Developer";
				COPY_PHASE_STRIP = NO;
				DEBUG_INFORMATION_FORMAT = dwarf;
				ENABLE_STRICT_OBJC_MSGSEND = YES;
				ENABLE_TESTABILITY = YES;
				GCC_C_LANGUAGE_STANDARD = gnu99;
				GCC_DYNAMIC_NO_PIC = NO;
				GCC_NO_COMMON_BLOCKS = YES;
				GCC_OPTIMIZATION_LEVEL = 0;
				GCC_PREPROCESSOR_DEFINITIONS = (
					"DEBUG=1",
					"$(inherited)",
				);
				GCC_WARN_64_TO_32_BIT_CONVERSION = YES;
				GCC_WARN_ABOUT_RETURN_TYPE = YES_ERROR;
				GCC_WARN_UNDECLARED_SELECTOR = YES;
				GCC_WARN_UNINITIALIZED_AUTOS = YES_AGGRESSIVE;
				GCC_WARN_UNUSED_FUNCTION = YES;
				GCC_WARN_UNUSED_VARIABLE = YES;
				IPHONEOS_DEPLOYMENT_TARGET = 9.3;
				MTL_ENABLE_DEBUG_INFO = YES;
				ONLY_ACTIVE_ARCH = YES;
				SDKROOT = iphoneos;
			};
			name = Debug;
		};
		912A606D1D216A8A00228ECC /* Release */ = {
			isa = XCBuildConfiguration;
			buildSettings = {
				ALWAYS_SEARCH_USER_PATHS = NO;
				CLANG_ANALYZER_NONNULL = YES;
				CLANG_CXX_LANGUAGE_STANDARD = "gnu++0x";
				CLANG_CXX_LIBRARY = "libc++";
				CLANG_ENABLE_MODULES = YES;
				CLANG_ENABLE_OBJC_ARC = YES;
				CLANG_WARN_BOOL_CONVERSION = YES;
				CLANG_WARN_CONSTANT_CONVERSION = YES;
				CLANG_WARN_DIRECT_OBJC_ISA_USAGE = YES_ERROR;
				CLANG_WARN_EMPTY_BODY = YES;
				CLANG_WARN_ENUM_CONVERSION = YES;
				CLANG_WARN_INT_CONVERSION = YES;
				CLANG_WARN_OBJC_ROOT_CLASS = YES_ERROR;
				CLANG_WARN_UNREACHABLE_CODE = YES;
				CLANG_WARN__DUPLICATE_METHOD_MATCH = YES;
				"CODE_SIGN_IDENTITY[sdk=iphoneos*]" = "iPhone Developer";
				COPY_PHASE_STRIP = NO;
				DEBUG_INFORMATION_FORMAT = "dwarf-with-dsym";
				ENABLE_NS_ASSERTIONS = NO;
				ENABLE_STRICT_OBJC_MSGSEND = YES;
				GCC_C_LANGUAGE_STANDARD = gnu99;
				GCC_NO_COMMON_BLOCKS = YES;
				GCC_WARN_64_TO_32_BIT_CONVERSION = YES;
				GCC_WARN_ABOUT_RETURN_TYPE = YES_ERROR;
				GCC_WARN_UNDECLARED_SELECTOR = YES;
				GCC_WARN_UNINITIALIZED_AUTOS = YES_AGGRESSIVE;
				GCC_WARN_UNUSED_FUNCTION = YES;
				GCC_WARN_UNUSED_VARIABLE = YES;
				IPHONEOS_DEPLOYMENT_TARGET = 9.3;
				MTL_ENABLE_DEBUG_INFO = NO;
				SDKROOT = iphoneos;
				VALIDATE_PRODUCT = YES;
			};
			name = Release;
		};
		912A606F1D216A8A00228ECC /* Debug */ = {
			isa = XCBuildConfiguration;
			buildSettings = {
				ASSETCATALOG_COMPILER_APPICON_NAME = AppIcon;
				INFOPLIST_FILE = ButtonAction/Info.plist;
				LD_RUNPATH_SEARCH_PATHS = "$(inherited) @executable_path/Frameworks";
				PRODUCT_BUNDLE_IDENTIFIER = com.apress.ButtonAction;
				PRODUCT_NAME = "$(TARGET_NAME)";
			};
			name = Debug;
		};
		912A60701D216A8A00228ECC /* Release */ = {
			isa = XCBuildConfiguration;
			buildSettings = {
				ASSETCATALOG_COMPILER_APPICON_NAME = AppIcon;
				INFOPLIST_FILE = ButtonAction/Info.plist;
				LD_RUNPATH_SEARCH_PATHS = "$(inherited) @executable_path/Frameworks";
				PRODUCT_BUNDLE_IDENTIFIER = com.apress.ButtonAction;
				PRODUCT_NAME = "$(TARGET_NAME)";
			};
			name = Release;
		};
/* End XCBuildConfiguration section */

/* Begin XCConfigurationList section */
		912A60521D216A8A00228ECC /* Build configuration list for PBXProject "ButtonAction" */ = {
			isa = XCConfigurationList;
			buildConfigurations = (
				912A606C1D216A8A00228ECC /* Debug */,
				912A606D1D216A8A00228ECC /* Release */,
			);
			defaultConfigurationIsVisible = 0;
			defaultConfigurationName = Release;
		};
		912A606E1D216A8A00228ECC /* Build configuration list for PBXNativeTarget "ButtonAction" */ = {
			isa = XCConfigurationList;
			buildConfigurations = (
				912A606F1D216A8A00228ECC /* Debug */,
				912A60701D216A8A00228ECC /* Release */,
			);
			defaultConfigurationIsVisible = 0;
		};
/* End XCConfigurationList section */
	};
	rootObject = 912A604F1D216A8A00228ECC /* Project object */;
}
